// !$*UTF8*$!
{
	archiveVersion = 1;
	classes = {
	};
	objectVersion = 50;
	objects = {

/* Begin PBXBuildFile section */
		8F1A525925916DD8004AB742 /* MemorizeApp.swift in Sources */ = {isa = PBXBuildFile; fileRef = 8F1A525825916DD8004AB742 /* MemorizeApp.swift */; };
		8F1A525B25916DD8004AB742 /* ContentView.swift in Sources */ = {isa = PBXBuildFile; fileRef = 8F1A525A25916DD8004AB742 /* ContentView.swift */; };
		8F1A525D25916DDD004AB742 /* Assets.xcassets in Resources */ = {isa = PBXBuildFile; fileRef = 8F1A525C25916DDD004AB742 /* Assets.xcassets */; };
		8F1A526025916DDD004AB742 /* Preview Assets.xcassets in Resources */ = {isa = PBXBuildFile; fileRef = 8F1A525F25916DDD004AB742 /* Preview Assets.xcassets */; };
		8F1A526225916DDD004AB742 /* Persistence.swift in Sources */ = {isa = PBXBuildFile; fileRef = 8F1A526125916DDD004AB742 /* Persistence.swift */; };
		8F1A526525916DDD004AB742 /* Memorize.xcdatamodeld in Sources */ = {isa = PBXBuildFile; fileRef = 8F1A526325916DDD004AB742 /* Memorize.xcdatamodeld */; };
		8F1A527025916DDE004AB742 /* MemorizeTests.swift in Sources */ = {isa = PBXBuildFile; fileRef = 8F1A526F25916DDE004AB742 /* MemorizeTests.swift */; };
		8F1A527B25916DDE004AB742 /* MemorizeUITests.swift in Sources */ = {isa = PBXBuildFile; fileRef = 8F1A527A25916DDE004AB742 /* MemorizeUITests.swift */; };
/* End PBXBuildFile section */

/* Begin PBXContainerItemProxy section */
		8F1A526C25916DDE004AB742 /* PBXContainerItemProxy */ = {
			isa = PBXContainerItemProxy;
			containerPortal = 8F1A524D25916DD8004AB742 /* Project object */;
			proxyType = 1;
			remoteGlobalIDString = 8F1A525425916DD8004AB742;
			remoteInfo = Memorize;
		};
		8F1A527725916DDE004AB742 /* PBXContainerItemProxy */ = {
			isa = PBXContainerItemProxy;
			containerPortal = 8F1A524D25916DD8004AB742 /* Project object */;
			proxyType = 1;
			remoteGlobalIDString = 8F1A525425916DD8004AB742;
			remoteInfo = Memorize;
		};
/* End PBXContainerItemProxy section */

/* Begin PBXFileReference section */
		8F1A525525916DD8004AB742 /* Memorize.app */ = {isa = PBXFileReference; explicitFileType = wrapper.application; includeInIndex = 0; path = Memorize.app; sourceTree = BUILT_PRODUCTS_DIR; };
		8F1A525825916DD8004AB742 /* MemorizeApp.swift */ = {isa = PBXFileReference; lastKnownFileType = sourcecode.swift; path = MemorizeApp.swift; sourceTree = "<group>"; };
		8F1A525A25916DD8004AB742 /* ContentView.swift */ = {isa = PBXFileReference; lastKnownFileType = sourcecode.swift; path = ContentView.swift; sourceTree = "<group>"; };
		8F1A525C25916DDD004AB742 /* Assets.xcassets */ = {isa = PBXFileReference; lastKnownFileType = folder.assetcatalog; path = Assets.xcassets; sourceTree = "<group>"; };
		8F1A525F25916DDD004AB742 /* Preview Assets.xcassets */ = {isa = PBXFileReference; lastKnownFileType = folder.assetcatalog; path = "Preview Assets.xcassets"; sourceTree = "<group>"; };
		8F1A526125916DDD004AB742 /* Persistence.swift */ = {isa = PBXFileReference; lastKnownFileType = sourcecode.swift; path = Persistence.swift; sourceTree = "<group>"; };
		8F1A526425916DDD004AB742 /* Memorize.xcdatamodel */ = {isa = PBXFileReference; lastKnownFileType = wrapper.xcdatamodel; path = Memorize.xcdatamodel; sourceTree = "<group>"; };
		8F1A526625916DDD004AB742 /* Info.plist */ = {isa = PBXFileReference; lastKnownFileType = text.plist.xml; path = Info.plist; sourceTree = "<group>"; };
		8F1A526B25916DDE004AB742 /* MemorizeTests.xctest */ = {isa = PBXFileReference; explicitFileType = wrapper.cfbundle; includeInIndex = 0; path = MemorizeTests.xctest; sourceTree = BUILT_PRODUCTS_DIR; };
		8F1A526F25916DDE004AB742 /* MemorizeTests.swift */ = {isa = PBXFileReference; lastKnownFileType = sourcecode.swift; path = MemorizeTests.swift; sourceTree = "<group>"; };
		8F1A527125916DDE004AB742 /* Info.plist */ = {isa = PBXFileReference; lastKnownFileType = text.plist.xml; path = Info.plist; sourceTree = "<group>"; };
		8F1A527625916DDE004AB742 /* MemorizeUITests.xctest */ = {isa = PBXFileReference; explicitFileType = wrapper.cfbundle; includeInIndex = 0; path = MemorizeUITests.xctest; sourceTree = BUILT_PRODUCTS_DIR; };
		8F1A527A25916DDE004AB742 /* MemorizeUITests.swift */ = {isa = PBXFileReference; lastKnownFileType = sourcecode.swift; path = MemorizeUITests.swift; sourceTree = "<group>"; };
		8F1A527C25916DDE004AB742 /* Info.plist */ = {isa = PBXFileReference; lastKnownFileType = text.plist.xml; path = Info.plist; sourceTree = "<group>"; };
/* End PBXFileReference section */

/* Begin PBXFrameworksBuildPhase section */
		8F1A525225916DD8004AB742 /* Frameworks */ = {
			isa = PBXFrameworksBuildPhase;
			buildActionMask = 2147483647;
			files = (
			);
			runOnlyForDeploymentPostprocessing = 0;
		};
		8F1A526825916DDE004AB742 /* Frameworks */ = {
			isa = PBXFrameworksBuildPhase;
			buildActionMask = 2147483647;
			files = (
			);
			runOnlyForDeploymentPostprocessing = 0;
		};
		8F1A527325916DDE004AB742 /* Frameworks */ = {
			isa = PBXFrameworksBuildPhase;
			buildActionMask = 2147483647;
			files = (
			);
			runOnlyForDeploymentPostprocessing = 0;
		};
/* End PBXFrameworksBuildPhase section */

/* Begin PBXGroup section */
		8F1A524C25916DD8004AB742 = {
			isa = PBXGroup;
			children = (
				8F1A525725916DD8004AB742 /* Memorize */,
				8F1A526E25916DDE004AB742 /* MemorizeTests */,
				8F1A527925916DDE004AB742 /* MemorizeUITests */,
				8F1A525625916DD8004AB742 /* Products */,
			);
			sourceTree = "<group>";
		};
		8F1A525625916DD8004AB742 /* Products */ = {
			isa = PBXGroup;
			children = (
				8F1A525525916DD8004AB742 /* Memorize.app */,
				8F1A526B25916DDE004AB742 /* MemorizeTests.xctest */,
				8F1A527625916DDE004AB742 /* MemorizeUITests.xctest */,
			);
			name = Products;
			sourceTree = "<group>";
		};
		8F1A525725916DD8004AB742 /* Memorize */ = {
			isa = PBXGroup;
			children = (
				8F1A525825916DD8004AB742 /* MemorizeApp.swift */,
				8F1A525A25916DD8004AB742 /* ContentView.swift */,
				8F1A525C25916DDD004AB742 /* Assets.xcassets */,
				8F1A526125916DDD004AB742 /* Persistence.swift */,
				8F1A526625916DDD004AB742 /* Info.plist */,
				8F1A526325916DDD004AB742 /* Memorize.xcdatamodeld */,
				8F1A525E25916DDD004AB742 /* Preview Content */,
			);
			path = Memorize;
			sourceTree = "<group>";
		};
		8F1A525E25916DDD004AB742 /* Preview Content */ = {
			isa = PBXGroup;
			children = (
				8F1A525F25916DDD004AB742 /* Preview Assets.xcassets */,
			);
			path = "Preview Content";
			sourceTree = "<group>";
		};
		8F1A526E25916DDE004AB742 /* MemorizeTests */ = {
			isa = PBXGroup;
			children = (
				8F1A526F25916DDE004AB742 /* MemorizeTests.swift */,
				8F1A527125916DDE004AB742 /* Info.plist */,
			);
			path = MemorizeTests;
			sourceTree = "<group>";
		};
		8F1A527925916DDE004AB742 /* MemorizeUITests */ = {
			isa = PBXGroup;
			children = (
				8F1A527A25916DDE004AB742 /* MemorizeUITests.swift */,
				8F1A527C25916DDE004AB742 /* Info.plist */,
			);
			path = MemorizeUITests;
			sourceTree = "<group>";
		};
/* End PBXGroup section */

/* Begin PBXNativeTarget section */
		8F1A525425916DD8004AB742 /* Memorize */ = {
			isa = PBXNativeTarget;
			buildConfigurationList = 8F1A527F25916DDE004AB742 /* Build configuration list for PBXNativeTarget "Memorize" */;
			buildPhases = (
				8F1A525125916DD8004AB742 /* Sources */,
				8F1A525225916DD8004AB742 /* Frameworks */,
				8F1A525325916DD8004AB742 /* Resources */,
			);
			buildRules = (
			);
			dependencies = (
			);
			name = Memorize;
			productName = Memorize;
			productReference = 8F1A525525916DD8004AB742 /* Memorize.app */;
			productType = "com.apple.product-type.application";
		};
		8F1A526A25916DDE004AB742 /* MemorizeTests */ = {
			isa = PBXNativeTarget;
			buildConfigurationList = 8F1A528225916DDE004AB742 /* Build configuration list for PBXNativeTarget "MemorizeTests" */;
			buildPhases = (
				8F1A526725916DDE004AB742 /* Sources */,
				8F1A526825916DDE004AB742 /* Frameworks */,
				8F1A526925916DDE004AB742 /* Resources */,
			);
			buildRules = (
			);
			dependencies = (
				8F1A526D25916DDE004AB742 /* PBXTargetDependency */,
			);
			name = MemorizeTests;
			productName = MemorizeTests;
			productReference = 8F1A526B25916DDE004AB742 /* MemorizeTests.xctest */;
			productType = "com.apple.product-type.bundle.unit-test";
		};
		8F1A527525916DDE004AB742 /* MemorizeUITests */ = {
			isa = PBXNativeTarget;
			buildConfigurationList = 8F1A528525916DDE004AB742 /* Build configuration list for PBXNativeTarget "MemorizeUITests" */;
			buildPhases = (
				8F1A527225916DDE004AB742 /* Sources */,
				8F1A527325916DDE004AB742 /* Frameworks */,
				8F1A527425916DDE004AB742 /* Resources */,
			);
			buildRules = (
			);
			dependencies = (
				8F1A527825916DDE004AB742 /* PBXTargetDependency */,
			);
			name = MemorizeUITests;
			productName = MemorizeUITests;
			productReference = 8F1A527625916DDE004AB742 /* MemorizeUITests.xctest */;
			productType = "com.apple.product-type.bundle.ui-testing";
		};
/* End PBXNativeTarget section */

/* Begin PBXProject section */
		8F1A524D25916DD8004AB742 /* Project object */ = {
			isa = PBXProject;
			attributes = {
				LastSwiftUpdateCheck = 1200;
				LastUpgradeCheck = 1200;
				TargetAttributes = {
					8F1A525425916DD8004AB742 = {
						CreatedOnToolsVersion = 12.0.1;
					};
					8F1A526A25916DDE004AB742 = {
						CreatedOnToolsVersion = 12.0.1;
						TestTargetID = 8F1A525425916DD8004AB742;
					};
					8F1A527525916DDE004AB742 = {
						CreatedOnToolsVersion = 12.0.1;
						TestTargetID = 8F1A525425916DD8004AB742;
					};
				};
			};
			buildConfigurationList = 8F1A525025916DD8004AB742 /* Build configuration list for PBXProject "Memorize" */;
			compatibilityVersion = "Xcode 9.3";
			developmentRegion = en;
			hasScannedForEncodings = 0;
			knownRegions = (
				en,
				Base,
			);
			mainGroup = 8F1A524C25916DD8004AB742;
			productRefGroup = 8F1A525625916DD8004AB742 /* Products */;
			projectDirPath = "";
			projectRoot = "";
			targets = (
				8F1A525425916DD8004AB742 /* Memorize */,
				8F1A526A25916DDE004AB742 /* MemorizeTests */,
				8F1A527525916DDE004AB742 /* MemorizeUITests */,
			);
		};
/* End PBXProject section */

/* Begin PBXResourcesBuildPhase section */
		8F1A525325916DD8004AB742 /* Resources */ = {
			isa = PBXResourcesBuildPhase;
			buildActionMask = 2147483647;
			files = (
				8F1A526025916DDD004AB742 /* Preview Assets.xcassets in Resources */,
				8F1A525D25916DDD004AB742 /* Assets.xcassets in Resources */,
			);
			runOnlyForDeploymentPostprocessing = 0;
		};
		8F1A526925916DDE004AB742 /* Resources */ = {
			isa = PBXResourcesBuildPhase;
			buildActionMask = 2147483647;
			files = (
			);
			runOnlyForDeploymentPostprocessing = 0;
		};
		8F1A527425916DDE004AB742 /* Resources */ = {
			isa = PBXResourcesBuildPhase;
			buildActionMask = 2147483647;
			files = (
			);
			runOnlyForDeploymentPostprocessing = 0;
		};
/* End PBXResourcesBuildPhase section */

/* Begin PBXSourcesBuildPhase section */
		8F1A525125916DD8004AB742 /* Sources */ = {
			isa = PBXSourcesBuildPhase;
			buildActionMask = 2147483647;
			files = (
				8F1A526225916DDD004AB742 /* Persistence.swift in Sources */,
				8F1A526525916DDD004AB742 /* Memorize.xcdatamodeld in Sources */,
				8F1A525B25916DD8004AB742 /* ContentView.swift in Sources */,
				8F1A525925916DD8004AB742 /* MemorizeApp.swift in Sources */,
			);
			runOnlyForDeploymentPostprocessing = 0;
		};
		8F1A526725916DDE004AB742 /* Sources */ = {
			isa = PBXSourcesBuildPhase;
			buildActionMask = 2147483647;
			files = (
				8F1A527025916DDE004AB742 /* MemorizeTests.swift in Sources */,
			);
			runOnlyForDeploymentPostprocessing = 0;
		};
		8F1A527225916DDE004AB742 /* Sources */ = {
			isa = PBXSourcesBuildPhase;
			buildActionMask = 2147483647;
			files = (
				8F1A527B25916DDE004AB742 /* MemorizeUITests.swift in Sources */,
			);
			runOnlyForDeploymentPostprocessing = 0;
		};
/* End PBXSourcesBuildPhase section */

/* Begin PBXTargetDependency section */
		8F1A526D25916DDE004AB742 /* PBXTargetDependency */ = {
			isa = PBXTargetDependency;
			target = 8F1A525425916DD8004AB742 /* Memorize */;
			targetProxy = 8F1A526C25916DDE004AB742 /* PBXContainerItemProxy */;
		};
		8F1A527825916DDE004AB742 /* PBXTargetDependency */ = {
			isa = PBXTargetDependency;
			target = 8F1A525425916DD8004AB742 /* Memorize */;
			targetProxy = 8F1A527725916DDE004AB742 /* PBXContainerItemProxy */;
		};
/* End PBXTargetDependency section */

/* Begin XCBuildConfiguration section */
		8F1A527D25916DDE004AB742 /* Debug */ = {
			isa = XCBuildConfiguration;
			buildSettings = {
				ALWAYS_SEARCH_USER_PATHS = NO;
				CLANG_ANALYZER_NONNULL = YES;
				CLANG_ANALYZER_NUMBER_OBJECT_CONVERSION = YES_AGGRESSIVE;
				CLANG_CXX_LANGUAGE_STANDARD = "gnu++14";
				CLANG_CXX_LIBRARY = "libc++";
				CLANG_ENABLE_MODULES = YES;
				CLANG_ENABLE_OBJC_ARC = YES;
				CLANG_ENABLE_OBJC_WEAK = YES;
				CLANG_WARN_BLOCK_CAPTURE_AUTORELEASING = YES;
				CLANG_WARN_BOOL_CONVERSION = YES;
				CLANG_WARN_COMMA = YES;
				CLANG_WARN_CONSTANT_CONVERSION = YES;
				CLANG_WARN_DEPRECATED_OBJC_IMPLEMENTATIONS = YES;
				CLANG_WARN_DIRECT_OBJC_ISA_USAGE = YES_ERROR;
				CLANG_WARN_DOCUMENTATION_COMMENTS = YES;
				CLANG_WARN_EMPTY_BODY = YES;
				CLANG_WARN_ENUM_CONVERSION = YES;
				CLANG_WARN_INFINITE_RECURSION = YES;
				CLANG_WARN_INT_CONVERSION = YES;
				CLANG_WARN_NON_LITERAL_NULL_CONVERSION = YES;
				CLANG_WARN_OBJC_IMPLICIT_RETAIN_SELF = YES;
				CLANG_WARN_OBJC_LITERAL_CONVERSION = YES;
				CLANG_WARN_OBJC_ROOT_CLASS = YES_ERROR;
				CLANG_WARN_QUOTED_INCLUDE_IN_FRAMEWORK_HEADER = YES;
				CLANG_WARN_RANGE_LOOP_ANALYSIS = YES;
				CLANG_WARN_STRICT_PROTOTYPES = YES;
				CLANG_WARN_SUSPICIOUS_MOVE = YES;
				CLANG_WARN_UNGUARDED_AVAILABILITY = YES_AGGRESSIVE;
				CLANG_WARN_UNREACHABLE_CODE = YES;
				CLANG_WARN__DUPLICATE_METHOD_MATCH = YES;
				COPY_PHASE_STRIP = NO;
				DEBUG_INFORMATION_FORMAT = dwarf;
				ENABLE_STRICT_OBJC_MSGSEND = YES;
				ENABLE_TESTABILITY = YES;
				GCC_C_LANGUAGE_STANDARD = gnu11;
				GCC_DYNAMIC_NO_PIC = NO;
				GCC_NO_COMMON_BLOCKS = YES;
				GCC_OPTIMIZATION_LEVEL = 0;
				GCC_PREPROCESSOR_DEFINITIONS = (
					"DEBUG=1",
					"$(inherited)",
				);
				GCC_WARN_64_TO_32_BIT_CONVERSION = YES;
				GCC_WARN_ABOUT_RETURN_TYPE = YES_ERROR;
				GCC_WARN_UNDECLARED_SELECTOR = YES;
				GCC_WARN_UNINITIALIZED_AUTOS = YES_AGGRESSIVE;
				GCC_WARN_UNUSED_FUNCTION = YES;
				GCC_WARN_UNUSED_VARIABLE = YES;
				IPHONEOS_DEPLOYMENT_TARGET = 14.0;
				MTL_ENABLE_DEBUG_INFO = INCLUDE_SOURCE;
				MTL_FAST_MATH = YES;
				ONLY_ACTIVE_ARCH = YES;
				SDKROOT = iphoneos;
				SWIFT_ACTIVE_COMPILATION_CONDITIONS = DEBUG;
				SWIFT_OPTIMIZATION_LEVEL = "-Onone";
			};
			name = Debug;
		};
		8F1A527E25916DDE004AB742 /* Release */ = {
			isa = XCBuildConfiguration;
			buildSettings = {
				ALWAYS_SEARCH_USER_PATHS = NO;
				CLANG_ANALYZER_NONNULL = YES;
				CLANG_ANALYZER_NUMBER_OBJECT_CONVERSION = YES_AGGRESSIVE;
				CLANG_CXX_LANGUAGE_STANDARD = "gnu++14";
				CLANG_CXX_LIBRARY = "libc++";
				CLANG_ENABLE_MODULES = YES;
				CLANG_ENABLE_OBJC_ARC = YES;
				CLANG_ENABLE_OBJC_WEAK = YES;
				CLANG_WARN_BLOCK_CAPTURE_AUTORELEASING = YES;
				CLANG_WARN_BOOL_CONVERSION = YES;
				CLANG_WARN_COMMA = YES;
				CLANG_WARN_CONSTANT_CONVERSION = YES;
				CLANG_WARN_DEPRECATED_OBJC_IMPLEMENTATIONS = YES;
				CLANG_WARN_DIRECT_OBJC_ISA_USAGE = YES_ERROR;
				CLANG_WARN_DOCUMENTATION_COMMENTS = YES;
				CLANG_WARN_EMPTY_BODY = YES;
				CLANG_WARN_ENUM_CONVERSION = YES;
				CLANG_WARN_INFINITE_RECURSION = YES;
				CLANG_WARN_INT_CONVERSION = YES;
				CLANG_WARN_NON_LITERAL_NULL_CONVERSION = YES;
				CLANG_WARN_OBJC_IMPLICIT_RETAIN_SELF = YES;
				CLANG_WARN_OBJC_LITERAL_CONVERSION = YES;
				CLANG_WARN_OBJC_ROOT_CLASS = YES_ERROR;
				CLANG_WARN_QUOTED_INCLUDE_IN_FRAMEWORK_HEADER = YES;
				CLANG_WARN_RANGE_LOOP_ANALYSIS = YES;
				CLANG_WARN_STRICT_PROTOTYPES = YES;
				CLANG_WARN_SUSPICIOUS_MOVE = YES;
				CLANG_WARN_UNGUARDED_AVAILABILITY = YES_AGGRESSIVE;
				CLANG_WARN_UNREACHABLE_CODE = YES;
				CLANG_WARN__DUPLICATE_METHOD_MATCH = YES;
				COPY_PHASE_STRIP = NO;
				DEBUG_INFORMATION_FORMAT = "dwarf-with-dsym";
				ENABLE_NS_ASSERTIONS = NO;
				ENABLE_STRICT_OBJC_MSGSEND = YES;
				GCC_C_LANGUAGE_STANDARD = gnu11;
				GCC_NO_COMMON_BLOCKS = YES;
				GCC_WARN_64_TO_32_BIT_CONVERSION = YES;
				GCC_WARN_ABOUT_RETURN_TYPE = YES_ERROR;
				GCC_WARN_UNDECLARED_SELECTOR = YES;
				GCC_WARN_UNINITIALIZED_AUTOS = YES_AGGRESSIVE;
				GCC_WARN_UNUSED_FUNCTION = YES;
				GCC_WARN_UNUSED_VARIABLE = YES;
				IPHONEOS_DEPLOYMENT_TARGET = 14.0;
				MTL_ENABLE_DEBUG_INFO = NO;
				MTL_FAST_MATH = YES;
				SDKROOT = iphoneos;
				SWIFT_COMPILATION_MODE = wholemodule;
				SWIFT_OPTIMIZATION_LEVEL = "-O";
				VALIDATE_PRODUCT = YES;
			};
			name = Release;
		};
		8F1A528025916DDE004AB742 /* Debug */ = {
			isa = XCBuildConfiguration;
			buildSettings = {
				ASSETCATALOG_COMPILER_APPICON_NAME = AppIcon;
				ASSETCATALOG_COMPILER_GLOBAL_ACCENT_COLOR_NAME = AccentColor;
				CODE_SIGN_STYLE = Automatic;
				DEVELOPMENT_ASSET_PATHS = "\"Memorize/Preview Content\"";
				DEVELOPMENT_TEAM = 736QF9R325;
				ENABLE_PREVIEWS = YES;
				INFOPLIST_FILE = Memorize/Info.plist;
				IPHONEOS_DEPLOYMENT_TARGET = 14.0;
				LD_RUNPATH_SEARCH_PATHS = (
					"$(inherited)",
					"@executable_path/Frameworks",
				);
				PRODUCT_BUNDLE_IDENTIFIER = com.PI.Memorize;
				PRODUCT_NAME = "$(TARGET_NAME)";
				SWIFT_VERSION = 5.0;
				TARGETED_DEVICE_FAMILY = "1,2";
			};
			name = Debug;
		};
		8F1A528125916DDE004AB742 /* Release */ = {
			isa = XCBuildConfiguration;
			buildSettings = {
				ASSETCATALOG_COMPILER_APPICON_NAME = AppIcon;
				ASSETCATALOG_COMPILER_GLOBAL_ACCENT_COLOR_NAME = AccentColor;
				CODE_SIGN_STYLE = Automatic;
				DEVELOPMENT_ASSET_PATHS = "\"Memorize/Preview Content\"";
				DEVELOPMENT_TEAM = 736QF9R325;
				ENABLE_PREVIEWS = YES;
				INFOPLIST_FILE = Memorize/Info.plist;
				IPHONEOS_DEPLOYMENT_TARGET = 14.0;
				LD_RUNPATH_SEARCH_PATHS = (
					"$(inherited)",
					"@executable_path/Frameworks",
				);
				PRODUCT_BUNDLE_IDENTIFIER = com.PI.Memorize;
				PRODUCT_NAME = "$(TARGET_NAME)";
				SWIFT_VERSION = 5.0;
				TARGETED_DEVICE_FAMILY = "1,2";
			};
			name = Release;
		};
		8F1A528325916DDE004AB742 /* Debug */ = {
			isa = XCBuildConfiguration;
			buildSettings = {
				ALWAYS_EMBED_SWIFT_STANDARD_LIBRARIES = YES;
				BUNDLE_LOADER = "$(TEST_HOST)";
				CODE_SIGN_STYLE = Automatic;
				DEVELOPMENT_TEAM = 736QF9R325;
				INFOPLIST_FILE = MemorizeTests/Info.plist;
				IPHONEOS_DEPLOYMENT_TARGET = 14.0;
				LD_RUNPATH_SEARCH_PATHS = (
					"$(inherited)",
					"@executable_path/Frameworks",
					"@loader_path/Frameworks",
				);
				PRODUCT_BUNDLE_IDENTIFIER = com.PI.MemorizeTests;
				PRODUCT_NAME = "$(TARGET_NAME)";
				SWIFT_VERSION = 5.0;
				TARGETED_DEVICE_FAMILY = "1,2";
				TEST_HOST = "$(BUILT_PRODUCTS_DIR)/Memorize.app/Memorize";
			};
			name = Debug;
		};
		8F1A528425916DDE004AB742 /* Release */ = {
			isa = XCBuildConfiguration;
			buildSettings = {
				ALWAYS_EMBED_SWIFT_STANDARD_LIBRARIES = YES;
				BUNDLE_LOADER = "$(TEST_HOST)";
				CODE_SIGN_STYLE = Automatic;
				DEVELOPMENT_TEAM = 736QF9R325;
				INFOPLIST_FILE = MemorizeTests/Info.plist;
				IPHONEOS_DEPLOYMENT_TARGET = 14.0;
				LD_RUNPATH_SEARCH_PATHS = (
					"$(inherited)",
					"@executable_path/Frameworks",
					"@loader_path/Frameworks",
				);
				PRODUCT_BUNDLE_IDENTIFIER = com.PI.MemorizeTests;
				PRODUCT_NAME = "$(TARGET_NAME)";
				SWIFT_VERSION = 5.0;
				TARGETED_DEVICE_FAMILY = "1,2";
				TEST_HOST = "$(BUILT_PRODUCTS_DIR)/Memorize.app/Memorize";
			};
			name = Release;
		};
		8F1A528625916DDE004AB742 /* Debug */ = {
			isa = XCBuildConfiguration;
			buildSettings = {
				ALWAYS_EMBED_SWIFT_STANDARD_LIBRARIES = YES;
				CODE_SIGN_STYLE = Automatic;
				DEVELOPMENT_TEAM = 736QF9R325;
				INFOPLIST_FILE = MemorizeUITests/Info.plist;
				LD_RUNPATH_SEARCH_PATHS = (
					"$(inherited)",
					"@executable_path/Frameworks",
					"@loader_path/Frameworks",
				);
				PRODUCT_BUNDLE_IDENTIFIER = com.PI.MemorizeUITests;
				PRODUCT_NAME = "$(TARGET_NAME)";
				SWIFT_VERSION = 5.0;
				TARGETED_DEVICE_FAMILY = "1,2";
				TEST_TARGET_NAME = Memorize;
			};
			name = Debug;
		};
		8F1A528725916DDE004AB742 /* Release */ = {
			isa = XCBuildConfiguration;
			buildSettings = {
				ALWAYS_EMBED_SWIFT_STANDARD_LIBRARIES = YES;
				CODE_SIGN_STYLE = Automatic;
				DEVELOPMENT_TEAM = 736QF9R325;
				INFOPLIST_FILE = MemorizeUITests/Info.plist;
				LD_RUNPATH_SEARCH_PATHS = (
					"$(inherited)",
					"@executable_path/Frameworks",
					"@loader_path/Frameworks",
				);
				PRODUCT_BUNDLE_IDENTIFIER = com.PI.MemorizeUITests;
				PRODUCT_NAME = "$(TARGET_NAME)";
				SWIFT_VERSION = 5.0;
				TARGETED_DEVICE_FAMILY = "1,2";
				TEST_TARGET_NAME = Memorize;
			};
			name = Release;
		};
/* End XCBuildConfiguration section */

/* Begin XCConfigurationList section */
		8F1A525025916DD8004AB742 /* Build configuration list for PBXProject "Memorize" */ = {
			isa = XCConfigurationList;
			buildConfigurations = (
				8F1A527D25916DDE004AB742 /* Debug */,
				8F1A527E25916DDE004AB742 /* Release */,
			);
			defaultConfigurationIsVisible = 0;
			defaultConfigurationName = Release;
		};
		8F1A527F25916DDE004AB742 /* Build configuration list for PBXNativeTarget "Memorize" */ = {
			isa = XCConfigurationList;
			buildConfigurations = (
				8F1A528025916DDE004AB742 /* Debug */,
				8F1A528125916DDE004AB742 /* Release */,
			);
			defaultConfigurationIsVisible = 0;
			defaultConfigurationName = Release;
		};
		8F1A528225916DDE004AB742 /* Build configuration list for PBXNativeTarget "MemorizeTests" */ = {
			isa = XCConfigurationList;
			buildConfigurations = (
				8F1A528325916DDE004AB742 /* Debug */,
				8F1A528425916DDE004AB742 /* Release */,
			);
			defaultConfigurationIsVisible = 0;
			defaultConfigurationName = Release;
		};
		8F1A528525916DDE004AB742 /* Build configuration list for PBXNativeTarget "MemorizeUITests" */ = {
			isa = XCConfigurationList;
			buildConfigurations = (
				8F1A528625916DDE004AB742 /* Debug */,
				8F1A528725916DDE004AB742 /* Release */,
			);
			defaultConfigurationIsVisible = 0;
			defaultConfigurationName = Release;
		};
/* End XCConfigurationList section */

/* Begin XCVersionGroup section */
		8F1A526325916DDD004AB742 /* Memorize.xcdatamodeld */ = {
			isa = XCVersionGroup;
			children = (
				8F1A526425916DDD004AB742 /* Memorize.xcdatamodel */,
			);
			currentVersion = 8F1A526425916DDD004AB742 /* Memorize.xcdatamodel */;
			path = Memorize.xcdatamodeld;
			sourceTree = "<group>";
			versionGroupType = wrapper.xcdatamodel;
		};
/* End XCVersionGroup section */
	};
	rootObject = 8F1A524D25916DD8004AB742 /* Project object */;
}
